github.com/beauxarts/scrinium v0.1.35 h1:5cs3eUqECaL4HRYYBkJ0SidW2xJW4Uwwd21VyJ1nEHs=
github.com/beauxarts/scrinium v0.1.35/go.mod h1:bYQShDJ1omuQDm3NDZ2mJ/+iubkf0Y38NYPITf1g87I=
github.com/beauxarts/scrinium v0.1.36 h1:i/wkT0DQw9r2WT/txfqGpCqfWfrzc35tq/D/8UNfB74=
github.com/beauxarts/scrinium v0.1.36/go.mod h1:bYQShDJ1omuQDm3NDZ2mJ/+iubkf0Y38NYPITf1g87I=
github.com/beauxarts/scrinium v0.1.37 h1:moxeBAfksoqG1paUyMstbSGE5Gn0ddGSDUw1aY1lSRw=
github.com/beauxarts/scrinium v0.1.37/go.mod h1:bYQShDJ1omuQDm3NDZ2mJ/+iubkf0Y38NYPITf1g87I=
github.com/boggydigital/backups v0.1.3 h1:Yq4/2kVxpexc0bAVA5tQPgdcKXPWsqihzgI759VPgVM=
github.com/boggydigital/backups v0.1.3/go.mod h1:xIV5pr0U178hTV3mHfStSU+s1IOJUH4fOU81ad4Cq7Y=
github.com/boggydigital/busan v0.1.0 h1:mUpe4b3vdt9Kcf4Z/C2YSuX5L7ru+J/iZW+IcSfW0cM=
github.com/boggydigital/busan v0.1.0/go.mod h1:0IjeMKwqaO94r8f28at/2UHhqV2FAN6ufFaLEbur/YU=
github.com/boggydigital/clo v1.0.4 h1:LKvXktyG+EeemzjnSp0DYIAEbY2/rvFcuHtjjwJk280=
github.com/boggydigital/clo v1.0.4/go.mod h1:7QbdMB008okXsdk41qJyJ6k/oJALIIXQ0GLYSxY9WFM=
github.com/boggydigital/clo v1.0.5 h1:gew1pTjYdatAV/6Kbly5P0DoA/LneiZ9mNlbdfZQqU8=
github.com/boggydigital/clo v1.0.5/go.mod h1:7QbdMB008okXsdk41qJyJ6k/oJALIIXQ0GLYSxY9WFM=
github.com/boggydigital/compton v0.2.16 h1:tIw0ATltfFZmRh+QxBD08FT1CLovx3IY/11LSs6fN8Y=
github.com/boggydigital/compton v0.2.16/go.mod h1:dj/yZ2cCfts6+heUS60Favateu+gNTIsoxfX6yNZWLg=
github.com/boggydigital/compton v0.2.17 h1:WBgJnfVo1EWE12l6sky18CLOMrmro4T5d5IIPItMjh0=
github.com/boggydigital/compton v0.2.17/go.mod h1:dj/yZ2cCfts6+heUS60Favateu+gNTIsoxfX6yNZWLg=
github.com/boggydigital/compton v0.2.18 h1:0+cTXIfG8iLtRjW6knpW1J3suRv2ylvKVQ5H2bgvLbs=
github.com/boggydigital/compton v0.2.18/go.mod h1:dj/yZ2cCfts6+heUS60Favateu+gNTIsoxfX6yNZWLg=
github.com/boggydigital/compton v0.2.19 h1:QVsHdqq9mukgVLrTuzTg4w51+Hk0imTNEdM5UWn/px4=
github.com/boggydigital/compton v0.2.19/go.mod h1:dj/yZ2cCfts6+heUS60Favateu+gNTIsoxfX6yNZWLg=
github.com/boggydigital/compton v0.2.21 h1:ZziFb3MYG9HJxRWyf9ai4lxbOMDyARN3AAe0fQAeBH8=
github.com/boggydigital/compton v0.2.21/go.mod h1:dj/yZ2cCfts6+heUS60Favateu+gNTIsoxfX6yNZWLg=
github.com/boggydigital/compton v0.2.22 h1:8XFjEXDEoin3u0t4rKq4xVv07m6Gl+rX9BM2FV0+1DY=
github.com/boggydigital/compton v0.2.22/go.mod h1:dj/yZ2cCfts6+heUS60Favateu+gNTIsoxfX6yNZWLg=
github.com/boggydigital/compton v0.2.23 h1:nQet17XwbyuAm/RbSYGu69NL+H9GmOjDE5AuZ5bhoGg=
github.com/boggydigital/compton v0.2.23/go.mod h1:dj/yZ2cCfts6+heUS60Favateu+gNTIsoxfX6yNZWLg=
github.com/boggydigital/compton v0.2.25 h1:tO15LZjrpm2MAgHT8rOsu3qOyoR1zQEoC0cPXoXbZEQ=
github.com/boggydigital/compton v0.2.25/go.mod h1:dj/yZ2cCfts6+heUS60Favateu+gNTIsoxfX6yNZWLg=
github.com/boggydigital/coost v0.3.9 h1:lMfR5PyexBDR4xDOQp0zWZWUk/Dqlrx7gw7i7XdsC4c=
github.com/boggydigital/coost v0.3.9/go.mod h1:w7ChGaah1DKsBIXb9ANdILg2pe2Jp7JkNpnK2R6rBec=
github.com/boggydigital/dolo v0.2.18 h1:aN/Bq55e0/9VgmVTNw0ru3aoS6lpZJI59ho5YQlFbDE=
github.com/boggydigital/dolo v0.2.18/go.mod h1:Y/YlmWIAhGstzuAlEJmYLitSp0BZPfWEDLq7VN5ESFY=
github.com/boggydigital/dolo v0.2.19 h1:/lWxHGI26xVtacOjWwnVwB4Iwg5x0+ou6xYjHbqTl60=
github.com/boggydigital/dolo v0.2.19/go.mod h1:iFo1k9TpMP2aLy03ZLr2kB5sj6yRxpuC/wx5p2jpAMQ=
github.com/boggydigital/issa v0.1.18 h1:Scgbrp/hMM/PmvD/cYP7DIz6Edy9hyB67zyNfNB8WaE=
github.com/boggydigital/issa v0.1.18/go.mod h1:Za10zkG7QvOGC7dDRjvzVr6GWDQm4f7FwO8/fH8usZY=
github.com/boggydigital/issa v0.1.19 h1:Oue2vdRiiV2xh1h/PYRAP8F88bt++ADNeaaWwlT/QB4=
github.com/boggydigital/issa v0.1.19/go.mod h1:Za10zkG7QvOGC7dDRjvzVr6GWDQm4f7FwO8/fH8usZY=
github.com/boggydigital/kevlar v0.5.19 h1:NPNxTSLReQyYDzYlxX+Vb9XbOy2BIgh3W+i28Oh2PKY=
github.com/boggydigital/kevlar v0.5.19/go.mod h1:hoHfBGc8xq2afcKcbPG5699SJDQ9TjiNeWJ7kwA6XF0=
github.com/boggydigital/kevlar_dolo v0.1.7 h1:9HmNcSTrZDu1PZOw5OyCDQewQsh0Iq9hmOJ7Ib+Lw0I=
github.com/boggydigital/kevlar_dolo v0.1.7/go.mod h1:FpPW0NUTb2EapMPYglWLTByPbSiP4yxkLWsxLSQwHI8=
github.com/boggydigital/match_node v0.1.17 h1:SzSZc+LoHDgx60hqcZthp49pjI4G0GWYC8AGAlz3mmM=
github.com/boggydigital/match_node v0.1.17/go.mod h1:aOussBc6CAqzN5WQCsRKgmef8m9A1VPCfQRB3nD8qUM=
github.com/boggydigital/middleware v0.1.16 h1:ajmnG2A2gCCkVAj85GrC7Pokp+KtB0rG9caOfxnGyUs=
github.com/boggydigital/middleware v0.1.16/go.mod h1:KUe0GXODjXyAcX7ow2o5lEz4+86dhG7ChTX5ekjqGro=
github.com/boggydigital/nod v0.1.21 h1:pQbrgswCuU5dr3IWS1Z902PJAm5BebSLG+Q3aG7KJ+4=
github.com/boggydigital/nod v0.1.21/go.mod h1:bYucIZ3rLHBZKf/3+T+eTSxuijuja7Y6OgU2P6o2/vo=
github.com/boggydigital/pathways v0.1.14 h1:cJDL7WfwRM7T8FUJcXy28ReAE7AfeC3ZzDFqIUzGke4=
github.com/boggydigital/pathways v0.1.14/go.mod h1:3QniBtHEdGUQgQAnBIQnh0C1vu+bmpDCmsLe5XyruS8=
github.com/boggydigital/testo v0.1.8 h1:NKuKLpWKn8gG3dYq8xNrFYHimxoCTdzLOs242q6jeQo=
github.com/boggydigital/testo v0.1.8/go.mod h1:8JTO6UKeQPsHS82vbCH/3NLDfewmr/84vVQ6rNLdCas=
github.com/boggydigital/wits v0.2.3 h1:Z0eB+QlIA18fJmblyV6ZJQ/swPYSFhOxfgMXOQz4/c8=
github.com/boggydigital/wits v0.2.3/go.mod h1:aR/z0vfMLtg0b4hcts0qiSTZcA51O8A2N3U9laqd2Lc=
github.com/boggydigital/yet_urls v0.1.54 h1:UWtw0glV0wC6Fu8AsXCWUVJFB5s155A6OIibu9bXzZw=
github.com/boggydigital/yet_urls v0.1.54/go.mod h1:gwp6JmGZPfDTYn7DZJWk3cM2+8cBjatpCJmXR3AzIRo=
golang.org/x/exp v0.0.0-20241009180824-f66d83c29e7c h1:7dEasQXItcW1xKJ2+gg5VOiBnqWrJc+rq0DPKyvvdbY=
golang.org/x/exp v0.0.0-20241009180824-f66d83c29e7c/go.mod h1:NQtJDoLvd6faHhE7m4T/1IY708gDefGGjR/iUW8yQQ8=
golang.org/x/exp v0.0.0-20241108190413-2d47ceb2692f h1:XdNn9LlyWAhLVp6P/i8QYBW+hlyhrhei9uErw2B5GJo=
golang.org/x/exp v0.0.0-20241108190413-2d47ceb2692f/go.mod h1:D5SMRVC3C2/4+F/DB1wZsLRnSNimn2Sp/NPsCrsv8ak=
golang.org/x/image v0.21.0 h1:c5qV36ajHpdj4Qi0GnE0jUc/yuo33OLFaa0d+crTD5s=
golang.org/x/image v0.21.0/go.mod h1:vUbsLavqK/W303ZroQQVKQ+Af3Yl6Uz1Ppu5J/cLz78=
golang.org/x/image v0.22.0 h1:UtK5yLUzilVrkjMAZAZ34DXGpASN8i8pj8g+O+yd10g=
golang.org/x/image v0.22.0/go.mod h1:9hPFhljd4zZ1GNSIZJ49sqbp45GKK9t6w+iXvGqZUz4=
golang.org/x/net v0.30.0 h1:AcW1SDZMkb8IpzCdQUaIq2sP4sZ4zw+55h6ynffypl4=
golang.org/x/net v0.30.0/go.mod h1:2wGyMJ5iFasEhkwi13ChkO/t1ECNC4X4eBKkVFyYFlU=
golang.org/x/net v0.31.0 h1:68CPQngjLL0r2AlUKiSxtQFKvzRVbnzLwMUn5SzcLHo=
golang.org/x/net v0.31.0/go.mod h1:P4fl1q7dY2hnZFxEk4pPSkDHF+QqjitcnDjUQyMM+pM=
