github.com/beauxarts/scrinium v0.1.42 h1:Fg5FTu3nT0jr7xJIiALIDu5Ebos1sUbwRe3hx8nBgkA=
github.com/beauxarts/scrinium v0.1.42/go.mod h1:0CpxeAEcfsl2BaOFODDoi277kEQRoQBIew8+gPIUFLY=
github.com/boggydigital/backups v0.1.6 h1:E0YU7K/muSjmJcDtMBUP3mQN46/9kkq+HczuKxRWx14=
github.com/boggydigital/backups v0.1.6/go.mod h1:k2oRf30c7FL5ZCUCVBEzDB2Cem1LevVTkVHR/WqaU7I=
github.com/boggydigital/busan v0.1.1 h1:sP0vbrgazePvThZZh0pQdn9BfWkvdQGTaQLF2YQliAo=
github.com/boggydigital/busan v0.1.1/go.mod h1:aqtJoRSrX5bpQrA0nS7t7Btfl0qkolJ4pd+TNslKQmU=
github.com/boggydigital/clo v1.0.7 h1:y7RSbGbuAdqGY/WHm34ws8nYQDmlptuXbjf2mzzrDuk=
github.com/boggydigital/clo v1.0.7/go.mod h1:InpSSK4uBJOtOdv32DM9BYCA28MuJGb7iRFow24ubUI=
github.com/boggydigital/compton v0.2.47 h1:xnCBYuZ3iH4YwgaEFSAUTC5p1tpSptwSiWxH/qWL9xM=
github.com/boggydigital/compton v0.2.47/go.mod h1:C9YHlnIHQrcwv6NJzDnQ3kxFpIQNICGI1xKEU53BFMc=
github.com/boggydigital/compton v0.2.49 h1:4STzLcCCd/SdnLAK6iJKys9BwzoEVqrSiroVKI0eeX8=
github.com/boggydigital/compton v0.2.49/go.mod h1:HlmmP+GU4Pg/LnOhtxlvldhZeNHHilBIF1W1Mhv69t4=
github.com/boggydigital/compton v0.2.50 h1:KLoDPR4aazpooV7P/ezidUpr+IyNtJsFFQoSmDlLtT0=
github.com/boggydigital/compton v0.2.50/go.mod h1:HlmmP+GU4Pg/LnOhtxlvldhZeNHHilBIF1W1Mhv69t4=
github.com/boggydigital/compton v0.2.51 h1:MMlacxtw35qPTuwnmoz50D16A1cJjlRmuQbyDp8+0KM=
github.com/boggydigital/compton v0.2.51/go.mod h1:HlmmP+GU4Pg/LnOhtxlvldhZeNHHilBIF1W1Mhv69t4=
github.com/boggydigital/compton v0.2.52 h1:LZyuw7ySCA8Hd5g8CEz/k3+uQaHVDjk3n5ZLzh4z/+Q=
github.com/boggydigital/compton v0.2.52/go.mod h1:HlmmP+GU4Pg/LnOhtxlvldhZeNHHilBIF1W1Mhv69t4=
github.com/boggydigital/compton v0.2.53 h1:COt2c+XDR0LvrdUDjv/Jh6gVhdxQmAfjzD80duY01XE=
github.com/boggydigital/compton v0.2.53/go.mod h1:HlmmP+GU4Pg/LnOhtxlvldhZeNHHilBIF1W1Mhv69t4=
github.com/boggydigital/compton v0.2.58 h1:Q0GYF+QBTfxD48cXg7/gD8e6cElIuTx1XQ6rapt9JfQ=
github.com/boggydigital/compton v0.2.58/go.mod h1:HlmmP+GU4Pg/LnOhtxlvldhZeNHHilBIF1W1Mhv69t4=
github.com/boggydigital/compton v0.2.60 h1:1fGnCaoS5uCdz+2dYlXr7ColXrlnIvuuoSu7unr33ho=
github.com/boggydigital/compton v0.2.60/go.mod h1:HlmmP+GU4Pg/LnOhtxlvldhZeNHHilBIF1W1Mhv69t4=
github.com/boggydigital/compton v0.2.62 h1:kowe4MLRYIKYYwzKhBOEQGsZIBSG98qXNiStqVr5PmA=
github.com/boggydigital/compton v0.2.62/go.mod h1:HlmmP+GU4Pg/LnOhtxlvldhZeNHHilBIF1W1Mhv69t4=
github.com/boggydigital/compton v0.2.63 h1:BjPoCBg77ZFf6DqIAdu0duMTehLETgCZfOYSpunJkVA=
github.com/boggydigital/compton v0.2.63/go.mod h1:HlmmP+GU4Pg/LnOhtxlvldhZeNHHilBIF1W1Mhv69t4=
github.com/boggydigital/compton v0.2.66 h1:2XzfnWGFmWySv60Ax45FWmmx8gIManxxS7RifbWqq2Y=
github.com/boggydigital/compton v0.2.66/go.mod h1:HlmmP+GU4Pg/LnOhtxlvldhZeNHHilBIF1W1Mhv69t4=
github.com/boggydigital/compton v0.2.67 h1:MwvUsToWtO7WuqKvaBKctLMZXJNU+En4zxQssXtUTzE=
github.com/boggydigital/compton v0.2.67/go.mod h1:zdiPteIuDRFPGKNvIkRNihRH42yffLubr+tROZhLWys=
github.com/boggydigital/coost v0.3.10 h1:F2ouJCRaUIgDGHEgX4T1nN4XdfS/9qrn/kvWq0c05cg=
github.com/boggydigital/coost v0.3.10/go.mod h1:hDXR+PHEu2R/V5Va/GKzFEOwAtbr32JM1Bw+tC91aN0=
github.com/boggydigital/dolo v0.2.21 h1:6GKTXjBGtyOQIt4itxuvtUFxP88TypPX5eZAck5UYBg=
github.com/boggydigital/dolo v0.2.21/go.mod h1:/Z2gQ4V/IIc/9WEL2/HIUag4LnCyZZPOx1Kl9KxI7uI=
github.com/boggydigital/issa v0.1.23 h1:rlofF32FwkXSKrplZ5J/AWn3mw4vq9VIP/KBZVE8sA0=
github.com/boggydigital/issa v0.1.23/go.mod h1:1p/XNBpQW+dtnpUFhVxZHjNEZyP3qw4DsTC4rb0Qu68=
github.com/boggydigital/kevlar v0.6.6 h1:YgFkh2s5Q1MrYQxL5w91Ty7I1DgNXjSUY9ffa7oSaVI=
github.com/boggydigital/kevlar v0.6.6/go.mod h1:okRKde7LOZnO5iDk4aY1UHCQHzgvGfN+xLJcA5ofjb8=
github.com/boggydigital/kevlar_dolo v0.1.11 h1:ICxTwj1fVUS2SuosPxYDZMlBQNBoqNTtmCQCIAHhMIk=
github.com/boggydigital/kevlar_dolo v0.1.11/go.mod h1:6Hp1wEqLvwiBcfso7kyY5QP6CFbGPzVVRi0vJXtbSmw=
github.com/boggydigital/match_node v0.1.19 h1:n62RM9BOUwRJFNtagE4siMu34zgwz+BRCbdO/0j7aJM=
github.com/boggydigital/match_node v0.1.19/go.mod h1:F8Eqagj2uDDRK6ElfuTIOWROjASUC72uUo9s7FWbthQ=
github.com/boggydigital/middleware v0.1.17 h1:c/s9Of2Ow8dPyO/spGPfM6sd5P8qa/L2eFQrXtIlktg=
github.com/boggydigital/middleware v0.1.17/go.mod h1:jZdTlRIXjQw4ztbki2YifjYrcsN43FsEKuwiu7yxXJE=
github.com/boggydigital/nod v0.1.22 h1:6VqiuqxUKSX1FfrSgnc2o/s6+SeIkhksT7tJ5l0BjuQ=
github.com/boggydigital/nod v0.1.22/go.mod h1:jfTSJmcIjL2QwRp3Mi5CnleOzrYL9f67SFPzW09xqoo=
github.com/boggydigital/nod v0.1.23 h1:+eHKIB/Y5NUIHM8VrvPOFzbDrN1jFi7KiFXe4JItDp4=
github.com/boggydigital/nod v0.1.23/go.mod h1:jfTSJmcIjL2QwRp3Mi5CnleOzrYL9f67SFPzW09xqoo=
github.com/boggydigital/nod v0.1.25 h1:D7wMe9EyaNrUeUJdSrK1Ui7j8YINGZuUeZyhoOG9XjA=
github.com/boggydigital/nod v0.1.25/go.mod h1:jfTSJmcIjL2QwRp3Mi5CnleOzrYL9f67SFPzW09xqoo=
github.com/boggydigital/nod v0.1.26 h1:zLMCMO7WfEpnuHGGNnqA4wWPCUTxlzmW5G/v6xFaHwY=
github.com/boggydigital/nod v0.1.26/go.mod h1:jfTSJmcIjL2QwRp3Mi5CnleOzrYL9f67SFPzW09xqoo=
github.com/boggydigital/nod v0.1.29 h1:Ep/yKEb/+BWQ5y4egHIXlXUqD7nT593VYernCu23FiY=
github.com/boggydigital/nod v0.1.29/go.mod h1:jfTSJmcIjL2QwRp3Mi5CnleOzrYL9f67SFPzW09xqoo=
github.com/boggydigital/pathways v0.1.15 h1:oQwqikyCKBIvoQwUthivHyT2oseQu9zzuO4A2FnwHFo=
github.com/boggydigital/pathways v0.1.15/go.mod h1:z7Ip2VdIJg+xhEUsfOhc9oDy31YVDAUZKlipP1AWhE0=
github.com/boggydigital/redux v0.1.3 h1:QlorWy9kEPgEf6aA8hlojb14Uu5GInCKZG9NEUeycNQ=
github.com/boggydigital/redux v0.1.3/go.mod h1:N5qloppDg8HsXfDwDyWA/2m8i9IAcgr2nlm7bn/g2Cs=
github.com/boggydigital/redux v0.1.4 h1:Eal5EvfnDlVneId14inDERanhP78Q7EQlWzxlkoJK6E=
github.com/boggydigital/redux v0.1.4/go.mod h1:N5qloppDg8HsXfDwDyWA/2m8i9IAcgr2nlm7bn/g2Cs=
github.com/boggydigital/testo v0.1.8 h1:NKuKLpWKn8gG3dYq8xNrFYHimxoCTdzLOs242q6jeQo=
github.com/boggydigital/testo v0.1.8/go.mod h1:8JTO6UKeQPsHS82vbCH/3NLDfewmr/84vVQ6rNLdCas=
github.com/boggydigital/wits v0.2.3 h1:Z0eB+QlIA18fJmblyV6ZJQ/swPYSFhOxfgMXOQz4/c8=
github.com/boggydigital/wits v0.2.3/go.mod h1:aR/z0vfMLtg0b4hcts0qiSTZcA51O8A2N3U9laqd2Lc=
github.com/boggydigital/yet_urls v0.1.56 h1:ymYFFswdFUeeyO4B0i2J8PUa609WL6VbWuY9/HckhXc=
github.com/boggydigital/yet_urls v0.1.56/go.mod h1:6UyOtjIskjcC9xAt9eYsxwrgtB8y7hLd2B1vDKx7lxc=
golang.org/x/image v0.24.0 h1:AN7zRgVsbvmTfNyqIbbOraYL8mSwcKncEj8ofjgzcMQ=
golang.org/x/image v0.24.0/go.mod h1:4b/ITuLfqYq1hqZcjofwctIhi7sZh2WaCjvsBNjjya8=
golang.org/x/image v0.25.0 h1:Y6uW6rH1y5y/LK1J8BPWZtr6yZ7hrsy6hFrXjgsc2fQ=
golang.org/x/image v0.25.0/go.mod h1:tCAmOEGthTtkalusGp1g3xa2gke8J6c2N565dTyl9Rs=
golang.org/x/net v0.34.0 h1:Mb7Mrk043xzHgnRM88suvJFwzVrRfHEHJEl5/71CKw0=
golang.org/x/net v0.34.0/go.mod h1:di0qlW3YNM5oh6GqDGQr92MyTozJPmybPK4Ev/Gm31k=
golang.org/x/net v0.35.0 h1:T5GQRQb2y08kTAByq9L4/bz8cipCdA8FbRTXewonqY8=
golang.org/x/net v0.35.0/go.mod h1:EglIi67kWsHKlRzzVMUD93VMSWGFOMSZgxFjparz1Qk=
golang.org/x/net v0.37.0 h1:1zLorHbz+LYj7MQlSf1+2tPIIgibq2eL5xkrGk6f+2c=
golang.org/x/net v0.37.0/go.mod h1:ivrbrMbzFq5J41QOQh0siUuly180yBYtLp+CKbEaFx8=
