github.com/boggydigital/backups v0.1.6 h1:E0YU7K/muSjmJcDtMBUP3mQN46/9kkq+HczuKxRWx14=
github.com/boggydigital/backups v0.1.6/go.mod h1:k2oRf30c7FL5ZCUCVBEzDB2Cem1LevVTkVHR/WqaU7I=
github.com/boggydigital/busan v0.1.1 h1:sP0vbrgazePvThZZh0pQdn9BfWkvdQGTaQLF2YQliAo=
github.com/boggydigital/busan v0.1.1/go.mod h1:aqtJoRSrX5bpQrA0nS7t7Btfl0qkolJ4pd+TNslKQmU=
github.com/boggydigital/clo v1.0.7 h1:y7RSbGbuAdqGY/WHm34ws8nYQDmlptuXbjf2mzzrDuk=
github.com/boggydigital/clo v1.0.7/go.mod h1:InpSSK4uBJOtOdv32DM9BYCA28MuJGb7iRFow24ubUI=
github.com/boggydigital/compton v0.3.20 h1:NVBNFtoZjSHwbnLrmA4fAK8NFvkxhcJRIGE7AbsEOYM=
github.com/boggydigital/compton v0.3.20/go.mod h1:ZLmQ7/5KHMq4Yc+bAz7U7pyEPOy4tXclp5Orv3H0M8I=
github.com/boggydigital/compton v0.3.26 h1:mL3ZKfiPGxuWUwLL66xe8oGW43LU0oeQFlfr1XK6ino=
github.com/boggydigital/compton v0.3.26/go.mod h1:zJ5nRTBWqzOUYestOQXil5d29kjQENbGd3fbNGqDi14=
github.com/boggydigital/compton v0.3.27 h1:LRqARqL2zUvyym2b8t8ybyzqwz9LEUiYkPzCvEM0QhA=
github.com/boggydigital/compton v0.3.27/go.mod h1:zJ5nRTBWqzOUYestOQXil5d29kjQENbGd3fbNGqDi14=
github.com/boggydigital/compton v0.3.29 h1:FFSt1JR3y3imLtEdj2sfJY3SbqA7oC0oN/drvCgUpUM=
github.com/boggydigital/compton v0.3.29/go.mod h1:zJ5nRTBWqzOUYestOQXil5d29kjQENbGd3fbNGqDi14=
github.com/boggydigital/compton v0.3.30 h1:gK6M/G1yEn3EYgUH7TbYeLDX6ENgTyOw8sjyC/78vRQ=
github.com/boggydigital/compton v0.3.30/go.mod h1:zJ5nRTBWqzOUYestOQXil5d29kjQENbGd3fbNGqDi14=
github.com/boggydigital/compton v0.3.33 h1:ZDp04RAvLczXfyWgIQ52Jfv6nS5BxmCVlePLdjf0IjU=
github.com/boggydigital/compton v0.3.33/go.mod h1:zJ5nRTBWqzOUYestOQXil5d29kjQENbGd3fbNGqDi14=
github.com/boggydigital/compton v0.3.34 h1:Ae1x5dJBC6bkM0/XueElybZD0XjSZ/lyZi2u1umwD8o=
github.com/boggydigital/compton v0.3.34/go.mod h1:zJ5nRTBWqzOUYestOQXil5d29kjQENbGd3fbNGqDi14=
github.com/boggydigital/compton v0.3.37 h1:TE2YUprzUEFc87K4OaJsgaMu8BSbVlM38NdWX1td12E=
github.com/boggydigital/compton v0.3.37/go.mod h1:zJ5nRTBWqzOUYestOQXil5d29kjQENbGd3fbNGqDi14=
github.com/boggydigital/compton v0.3.38 h1:jZery+yScOt0PrDteferBG/ID2yQD9E7On6ZkOtOtfk=
github.com/boggydigital/compton v0.3.38/go.mod h1:zJ5nRTBWqzOUYestOQXil5d29kjQENbGd3fbNGqDi14=
github.com/boggydigital/compton v0.3.39 h1:xIqPWGhmLkdUrK1SOmbkIFPE10IuIl8K282exyUHEJU=
github.com/boggydigital/compton v0.3.39/go.mod h1:zJ5nRTBWqzOUYestOQXil5d29kjQENbGd3fbNGqDi14=
github.com/boggydigital/compton v0.3.40 h1:YVhNzxac6Y9uxuW5ipVwNrMi8/EJciw2u/zoKHP2f/4=
github.com/boggydigital/compton v0.3.40/go.mod h1:zJ5nRTBWqzOUYestOQXil5d29kjQENbGd3fbNGqDi14=
github.com/boggydigital/compton v0.3.41 h1:TQOrWsUNlOf+IdSBWy5dNbrY87ezj0gYc2YFoYYTe00=
github.com/boggydigital/compton v0.3.41/go.mod h1:zJ5nRTBWqzOUYestOQXil5d29kjQENbGd3fbNGqDi14=
github.com/boggydigital/compton v0.3.42 h1:2RzP56nQ4qmqW6hFJ6Q1O5V6RThkd9dIQGipVLiGiG0=
github.com/boggydigital/compton v0.3.42/go.mod h1:zJ5nRTBWqzOUYestOQXil5d29kjQENbGd3fbNGqDi14=
github.com/boggydigital/compton v0.3.43 h1:SSzkiXwCtCdbMrFXaMi9otlYSjKuRkveP9JHAZ0ERVk=
github.com/boggydigital/compton v0.3.43/go.mod h1:zJ5nRTBWqzOUYestOQXil5d29kjQENbGd3fbNGqDi14=
github.com/boggydigital/compton v0.3.44 h1:oGGnXOK2rmYmmYez6vtFtAW/uygJREtSOjxYHhb3kwE=
github.com/boggydigital/compton v0.3.44/go.mod h1:zJ5nRTBWqzOUYestOQXil5d29kjQENbGd3fbNGqDi14=
github.com/boggydigital/coost v0.3.10 h1:F2ouJCRaUIgDGHEgX4T1nN4XdfS/9qrn/kvWq0c05cg=
github.com/boggydigital/coost v0.3.10/go.mod h1:hDXR+PHEu2R/V5Va/GKzFEOwAtbr32JM1Bw+tC91aN0=
github.com/boggydigital/dolo v0.2.22 h1:t/653QlViAzELln/bwuZCAhjODc9tuypFazK2ltDbDQ=
github.com/boggydigital/dolo v0.2.22/go.mod h1:/Z2gQ4V/IIc/9WEL2/HIUag4LnCyZZPOx1Kl9KxI7uI=
github.com/boggydigital/issa v0.1.23 h1:rlofF32FwkXSKrplZ5J/AWn3mw4vq9VIP/KBZVE8sA0=
github.com/boggydigital/issa v0.1.23/go.mod h1:1p/XNBpQW+dtnpUFhVxZHjNEZyP3qw4DsTC4rb0Qu68=
github.com/boggydigital/kevlar v0.6.7 h1:8XeX94FGbY8AHfOGCaW7TzDh+EspoIPaeBbqdBPpeyU=
github.com/boggydigital/kevlar v0.6.7/go.mod h1:okRKde7LOZnO5iDk4aY1UHCQHzgvGfN+xLJcA5ofjb8=
github.com/boggydigital/match_node v0.1.19 h1:n62RM9BOUwRJFNtagE4siMu34zgwz+BRCbdO/0j7aJM=
github.com/boggydigital/match_node v0.1.19/go.mod h1:F8Eqagj2uDDRK6ElfuTIOWROjASUC72uUo9s7FWbthQ=
github.com/boggydigital/middleware v0.1.17 h1:c/s9Of2Ow8dPyO/spGPfM6sd5P8qa/L2eFQrXtIlktg=
github.com/boggydigital/middleware v0.1.17/go.mod h1:jZdTlRIXjQw4ztbki2YifjYrcsN43FsEKuwiu7yxXJE=
github.com/boggydigital/nod v0.1.29 h1:Ep/yKEb/+BWQ5y4egHIXlXUqD7nT593VYernCu23FiY=
github.com/boggydigital/nod v0.1.29/go.mod h1:jfTSJmcIjL2QwRp3Mi5CnleOzrYL9f67SFPzW09xqoo=
github.com/boggydigital/pathways v0.1.15 h1:oQwqikyCKBIvoQwUthivHyT2oseQu9zzuO4A2FnwHFo=
github.com/boggydigital/pathways v0.1.15/go.mod h1:z7Ip2VdIJg+xhEUsfOhc9oDy31YVDAUZKlipP1AWhE0=
github.com/boggydigital/redux v0.1.4 h1:Eal5EvfnDlVneId14inDERanhP78Q7EQlWzxlkoJK6E=
github.com/boggydigital/redux v0.1.4/go.mod h1:N5qloppDg8HsXfDwDyWA/2m8i9IAcgr2nlm7bn/g2Cs=
github.com/boggydigital/redux v0.1.8 h1:L10iFffqBp5pFJzbeL6sl67WHeSVoIjIMPjTdQskSnI=
github.com/boggydigital/redux v0.1.8/go.mod h1:ZuIgU55x+sbcpeV/PfK1YEa+3eK3oKaqGjqNtdssgCE=
github.com/boggydigital/testo v0.1.8 h1:NKuKLpWKn8gG3dYq8xNrFYHimxoCTdzLOs242q6jeQo=
github.com/boggydigital/testo v0.1.8/go.mod h1:8JTO6UKeQPsHS82vbCH/3NLDfewmr/84vVQ6rNLdCas=
github.com/boggydigital/wits v0.2.3 h1:Z0eB+QlIA18fJmblyV6ZJQ/swPYSFhOxfgMXOQz4/c8=
github.com/boggydigital/wits v0.2.3/go.mod h1:aR/z0vfMLtg0b4hcts0qiSTZcA51O8A2N3U9laqd2Lc=
github.com/boggydigital/yet_urls v0.1.57 h1:wMnDpjc2xDlP2ScGRcskfQj+X6s95S+HGtWior5maog=
github.com/boggydigital/yet_urls v0.1.57/go.mod h1:Cn2NQWWljMw9iJSdQh7UZh2jXNeanG0JQE8nbBG9oFY=
golang.org/x/image v0.27.0 h1:C8gA4oWU/tKkdCfYT6T2u4faJu3MeNS5O8UPWlPF61w=
golang.org/x/image v0.27.0/go.mod h1:xbdrClrAUway1MUTEZDq9mz/UpRwYAkFFNUslZtcB+g=
golang.org/x/image v0.28.0 h1:gdem5JW1OLS4FbkWgLO+7ZeFzYtL3xClb97GaUzYMFE=
golang.org/x/image v0.28.0/go.mod h1:GUJYXtnGKEUgggyzh+Vxt+AviiCcyiwpsl8iQ8MvwGY=
golang.org/x/net v0.40.0 h1:79Xs7wF06Gbdcg4kdCCIQArK11Z1hr5POQ6+fIYHNuY=
golang.org/x/net v0.40.0/go.mod h1:y0hY0exeL2Pku80/zKK7tpntoX23cqL3Oa6njdgRtds=
golang.org/x/net v0.41.0 h1:vBTly1HeNPEn3wtREYfy4GZ/NECgw2Cnl+nK6Nz3uvw=
golang.org/x/net v0.41.0/go.mod h1:B/K4NNqkfmg07DQYrbwvSluqCJOOXwUjeb/5lOisjbA=
